<?xml version="1.0" encoding="UTF-8" standalone="yes" ?>
<CodeBlocks_project_file>
	<FileVersion major="1" minor="6" />
	<Project>
		<Option title="Brep" />
		<Option pch_mode="2" />
		<Option compiler="gcc" />
		<Build>
			<Target title="Debug">
				<Option output="bin/Debug/Brep" prefix_auto="1" extension_auto="1" />
				<Option object_output="obj/Debug/" />
				<Option type="1" />
				<Option compiler="gcc" />
				<Compiler>
					<Add option="-g" />
					<Add option="`wx-config --cflags`" />
				</Compiler>
				<Linker>
					<Add option="`wx-config --libs --gl-libs`" />
					<Add option="-lglut" />
				</Linker>
			</Target>
		</Build>
		<Compiler>
			<Add option="-Wall" />
		</Compiler>
		<Unit filename="src/BoundingBox.h" />
		<Unit filename="src/Camera.cpp" />
		<Unit filename="src/Camera.h" />
		<Unit filename="src/Edge.cpp" />
		<Unit filename="src/Edge.h" />
		<Unit filename="src/Face.cpp" />
		<Unit filename="src/Face.h" />
		<Unit filename="src/HalfEdge.cpp" />
		<Unit filename="src/HalfEdge.h" />
		<Unit filename="src/Loop.cpp" />
		<Unit filename="src/Loop.h" />
		<Unit filename="src/Mesh.cpp" />
		<Unit filename="src/Mesh.h" />
		<Unit filename="src/Scene.cpp" />
		<Unit filename="src/Scene.h" />
		<Unit filename="src/Vertex.cpp" />
		<Unit filename="src/Vertex.h" />
		<Unit filename="src/interface/BRepPrincipalFrame.cpp" />
		<Unit filename="src/interface/BRepPrincipalFrame.h" />
		<Unit filename="src/interface/GLCanvas.cpp" />
		<Unit filename="src/interface/GLCanvas.h" />
		<Unit filename="src/interface/PrincipalApp.cpp" />
		<Unit filename="src/interface/PrincipalApp.h" />
		<Unit filename="src/interface/PrincipalFrame.cpp" />
		<Unit filename="src/interface/PrincipalFrame.h" />
		<Unit filename="src/interface/dialog/BRepEdit_Dialog.cpp" />
		<Unit filename="src/interface/dialog/BRepEdit_Dialog.h" />
		<Unit filename="src/interface/dialog/BRepRotate_Dialog.cpp" />
		<Unit filename="src/interface/dialog/BRepRotate_Dialog.h" />
		<Unit filename="src/interface/dialog/BRepSweeping_Dialog.cpp" />
		<Unit filename="src/interface/dialog/BRepSweeping_Dialog.h" />
		<Unit filename="src/interface/dialog/Edit_Dialog.cpp" />
		<Unit filename="src/interface/dialog/Edit_Dialog.h" />
		<Unit filename="src/interface/dialog/Rotate_Dialog.cpp" />
		<Unit filename="src/interface/dialog/Rotate_Dialog.h" />
		<Unit filename="src/interface/dialog/Sweeping_Dialog.cpp" />
		<Unit filename="src/interface/dialog/Sweeping_Dialog.h" />
		<Unit filename="src/main.cpp" />
		<Unit filename="src/math/Quat.cpp" />
		<Unit filename="src/math/Quat.h" />
		<Unit filename="src/math/Vec3.cpp" />
		<Unit filename="src/math/Vec3.h" />
		<Extensions>
			<envvars />
			<code_completion />
			<debugger />
			<lib_finder disable_auto="1" />
		</Extensions>
	</Project>
</CodeBlocks_project_file>
